
Microsoft Visual Studio Solution File, Format Version 12.00
# Visual Studio 15
VisualStudioVersion = 15.0.28010.2048
MinimumVisualStudioVersion = 10.0.40219.1
Project("{8BC9CEB8-8B4A-11D0-8D11-00A0C91BC942}") = "SDL_Hello", "SDL_Hello\SDL_Hello.vcxproj", "{04601CB7-7544-4936-9594-444C0820A55A}"
EndProject
Project("{8BC9CEB8-8B4A-11D0-8D11-00A0C91BC942}") = "SDL_Image_Hello", "SDL_Image_Hello\SDL_Image_Hello.vcxproj", "{0F1861FC-F20D-410D-A3F8-41D4A17688DD}"
EndProject
Project("{8BC9CEB8-8B4A-11D0-8D11-00A0C91BC942}") = "SDL_Event", "SDL_Event\SDL_Event.vcxproj", "{99CC3BF8-7881-4069-BAB5-C8560AFE7DF6}"
EndProject
Project("{8BC9CEB8-8B4A-11D0-8D11-00A0C91BC942}") = "SDL_Key_Presses", "SDL_Key_Presses\SDL_Key_Presses.vcxproj", "{624434D5-F509-4E4B-A443-84C0C3EF1822}"
EndProject
Project("{8BC9CEB8-8B4A-11D0-8D11-00A0C91BC942}") = "SDL_Optimized_Surface_And_Soft_Stretching", "SDL_Optimized_Surface_And_Soft_Stretching\SDL_Optimized_Surface_And_Soft_Stretching.vcxproj", "{D9B952F2-A7E6-4094-8C92-92EAE8449721}"
EndProject
Project("{8BC9CEB8-8B4A-11D0-8D11-00A0C91BC942}") = "SDL_Loading_PNGs", "SDL_Loading_PNGs\SDL_Loading_PNGs.vcxproj", "{C12E517A-CD85-4760-A3C7-09EE3F24328B}"
EndProject
Project("{8BC9CEB8-8B4A-11D0-8D11-00A0C91BC942}") = "SDL_Texture_Loading_and_Rendering", "SDL_Texture_Loading_and_Rendering\SDL_Texture_Loading_and_Rendering.vcxproj", "{3614A3D9-359A-44F5-B9E7-1136CD9D32B6}"
EndProject
Project("{8BC9CEB8-8B4A-11D0-8D11-00A0C91BC942}") = "SDL_Geometry_Rendering", "SDL_Geometry_Rendering\SDL_Geometry_Rendering.vcxproj", "{31FEBC26-75D2-4CFC-9F64-90854DF2D654}"
EndProject
Global
	GlobalSection(SolutionConfigurationPlatforms) = preSolution
		Debug|x64 = Debug|x64
		Debug|x86 = Debug|x86
		Release|x64 = Release|x64
		Release|x86 = Release|x86
	EndGlobalSection
	GlobalSection(ProjectConfigurationPlatforms) = postSolution
		{04601CB7-7544-4936-9594-444C0820A55A}.Debug|x64.ActiveCfg = Debug|x64
		{04601CB7-7544-4936-9594-444C0820A55A}.Debug|x64.Build.0 = Debug|x64
		{04601CB7-7544-4936-9594-444C0820A55A}.Debug|x86.ActiveCfg = Debug|Win32
		{04601CB7-7544-4936-9594-444C0820A55A}.Debug|x86.Build.0 = Debug|Win32
		{04601CB7-7544-4936-9594-444C0820A55A}.Release|x64.ActiveCfg = Release|x64
		{04601CB7-7544-4936-9594-444C0820A55A}.Release|x64.Build.0 = Release|x64
		{04601CB7-7544-4936-9594-444C0820A55A}.Release|x86.ActiveCfg = Release|Win32
		{04601CB7-7544-4936-9594-444C0820A55A}.Release|x86.Build.0 = Release|Win32
		{0F1861FC-F20D-410D-A3F8-41D4A17688DD}.Debug|x64.ActiveCfg = Debug|x64
		{0F1861FC-F20D-410D-A3F8-41D4A17688DD}.Debug|x64.Build.0 = Debug|x64
		{0F1861FC-F20D-410D-A3F8-41D4A17688DD}.Debug|x86.ActiveCfg = Debug|Win32
		{0F1861FC-F20D-410D-A3F8-41D4A17688DD}.Debug|x86.Build.0 = Debug|Win32
		{0F1861FC-F20D-410D-A3F8-41D4A17688DD}.Release|x64.ActiveCfg = Release|x64
		{0F1861FC-F20D-410D-A3F8-41D4A17688DD}.Release|x64.Build.0 = Release|x64
		{0F1861FC-F20D-410D-A3F8-41D4A17688DD}.Release|x86.ActiveCfg = Release|Win32
		{0F1861FC-F20D-410D-A3F8-41D4A17688DD}.Release|x86.Build.0 = Release|Win32
		{99CC3BF8-7881-4069-BAB5-C8560AFE7DF6}.Debug|x64.ActiveCfg = Debug|x64
		{99CC3BF8-7881-4069-BAB5-C8560AFE7DF6}.Debug|x64.Build.0 = Debug|x64
		{99CC3BF8-7881-4069-BAB5-C8560AFE7DF6}.Debug|x86.ActiveCfg = Debug|Win32
		{99CC3BF8-7881-4069-BAB5-C8560AFE7DF6}.Debug|x86.Build.0 = Debug|Win32
		{99CC3BF8-7881-4069-BAB5-C8560AFE7DF6}.Release|x64.ActiveCfg = Release|x64
		{99CC3BF8-7881-4069-BAB5-C8560AFE7DF6}.Release|x64.Build.0 = Release|x64
		{99CC3BF8-7881-4069-BAB5-C8560AFE7DF6}.Release|x86.ActiveCfg = Release|Win32
		{99CC3BF8-7881-4069-BAB5-C8560AFE7DF6}.Release|x86.Build.0 = Release|Win32
		{624434D5-F509-4E4B-A443-84C0C3EF1822}.Debug|x64.ActiveCfg = Debug|x64
		{624434D5-F509-4E4B-A443-84C0C3EF1822}.Debug|x64.Build.0 = Debug|x64
		{624434D5-F509-4E4B-A443-84C0C3EF1822}.Debug|x86.ActiveCfg = Debug|Win32
		{624434D5-F509-4E4B-A443-84C0C3EF1822}.Debug|x86.Build.0 = Debug|Win32
		{624434D5-F509-4E4B-A443-84C0C3EF1822}.Release|x64.ActiveCfg = Release|x64
		{624434D5-F509-4E4B-A443-84C0C3EF1822}.Release|x64.Build.0 = Release|x64
		{624434D5-F509-4E4B-A443-84C0C3EF1822}.Release|x86.ActiveCfg = Release|Win32
		{624434D5-F509-4E4B-A443-84C0C3EF1822}.Release|x86.Build.0 = Release|Win32
		{D9B952F2-A7E6-4094-8C92-92EAE8449721}.Debug|x64.ActiveCfg = Debug|x64
		{D9B952F2-A7E6-4094-8C92-92EAE8449721}.Debug|x64.Build.0 = Debug|x64
		{D9B952F2-A7E6-4094-8C92-92EAE8449721}.Debug|x86.ActiveCfg = Debug|Win32
		{D9B952F2-A7E6-4094-8C92-92EAE8449721}.Debug|x86.Build.0 = Debug|Win32
		{D9B952F2-A7E6-4094-8C92-92EAE8449721}.Release|x64.ActiveCfg = Release|x64
		{D9B952F2-A7E6-4094-8C92-92EAE8449721}.Release|x64.Build.0 = Release|x64
		{D9B952F2-A7E6-4094-8C92-92EAE8449721}.Release|x86.ActiveCfg = Release|Win32
		{D9B952F2-A7E6-4094-8C92-92EAE8449721}.Release|x86.Build.0 = Release|Win32
		{C12E517A-CD85-4760-A3C7-09EE3F24328B}.Debug|x64.ActiveCfg = Debug|x64
		{C12E517A-CD85-4760-A3C7-09EE3F24328B}.Debug|x64.Build.0 = Debug|x64
		{C12E517A-CD85-4760-A3C7-09EE3F24328B}.Debug|x86.ActiveCfg = Debug|Win32
		{C12E517A-CD85-4760-A3C7-09EE3F24328B}.Debug|x86.Build.0 = Debug|Win32
		{C12E517A-CD85-4760-A3C7-09EE3F24328B}.Release|x64.ActiveCfg = Release|x64
		{C12E517A-CD85-4760-A3C7-09EE3F24328B}.Release|x64.Build.0 = Release|x64
		{C12E517A-CD85-4760-A3C7-09EE3F24328B}.Release|x86.ActiveCfg = Release|Win32
		{C12E517A-CD85-4760-A3C7-09EE3F24328B}.Release|x86.Build.0 = Release|Win32
		{3614A3D9-359A-44F5-B9E7-1136CD9D32B6}.Debug|x64.ActiveCfg = Debug|x64
		{3614A3D9-359A-44F5-B9E7-1136CD9D32B6}.Debug|x64.Build.0 = Debug|x64
		{3614A3D9-359A-44F5-B9E7-1136CD9D32B6}.Debug|x86.ActiveCfg = Debug|Win32
		{3614A3D9-359A-44F5-B9E7-1136CD9D32B6}.Debug|x86.Build.0 = Debug|Win32
		{3614A3D9-359A-44F5-B9E7-1136CD9D32B6}.Release|x64.ActiveCfg = Release|x64
		{3614A3D9-359A-44F5-B9E7-1136CD9D32B6}.Release|x64.Build.0 = Release|x64
		{3614A3D9-359A-44F5-B9E7-1136CD9D32B6}.Release|x86.ActiveCfg = Release|Win32
		{3614A3D9-359A-44F5-B9E7-1136CD9D32B6}.Release|x86.Build.0 = Release|Win32
		{31FEBC26-75D2-4CFC-9F64-90854DF2D654}.Debug|x64.ActiveCfg = Debug|x64
		{31FEBC26-75D2-4CFC-9F64-90854DF2D654}.Debug|x64.Build.0 = Debug|x64
		{31FEBC26-75D2-4CFC-9F64-90854DF2D654}.Debug|x86.ActiveCfg = Debug|Win32
		{31FEBC26-75D2-4CFC-9F64-90854DF2D654}.Debug|x86.Build.0 = Debug|Win32
		{31FEBC26-75D2-4CFC-9F64-90854DF2D654}.Release|x64.ActiveCfg = Release|x64
		{31FEBC26-75D2-4CFC-9F64-90854DF2D654}.Release|x64.Build.0 = Release|x64
		{31FEBC26-75D2-4CFC-9F64-90854DF2D654}.Release|x86.ActiveCfg = Release|Win32
		{31FEBC26-75D2-4CFC-9F64-90854DF2D654}.Release|x86.Build.0 = Release|Win32
	EndGlobalSection
	GlobalSection(SolutionProperties) = preSolution
		HideSolutionNode = FALSE
	EndGlobalSection
	GlobalSection(ExtensibilityGlobals) = postSolution
		SolutionGuid = {FD902895-4D35-4789-9A39-F62124B24D16}
	EndGlobalSection
EndGlobal
