
Microsoft Visual Studio Solution File, Format Version 12.00
# Visual Studio 15
VisualStudioVersion = 15.0.28010.2048
MinimumVisualStudioVersion = 10.0.40219.1
Project("{8BC9CEB8-8B4A-11D0-8D11-00A0C91BC942}") = "SDL_Hello", "SDL_Hello\SDL_Hello.vcxproj", "{04601CB7-7544-4936-9594-444C0820A55A}"
EndProject
Project("{8BC9CEB8-8B4A-11D0-8D11-00A0C91BC942}") = "SDL_Image_Hello", "SDL_Image_Hello\SDL_Image_Hello.vcxproj", "{0F1861FC-F20D-410D-A3F8-41D4A17688DD}"
EndProject
Project("{8BC9CEB8-8B4A-11D0-8D11-00A0C91BC942}") = "SDL_Event", "SDL_Event\SDL_Event.vcxproj", "{99CC3BF8-7881-4069-BAB5-C8560AFE7DF6}"
EndProject
Project("{8BC9CEB8-8B4A-11D0-8D11-00A0C91BC942}") = "SDL_Key_Presses", "SDL_Key_Presses\SDL_Key_Presses.vcxproj", "{624434D5-F509-4E4B-A443-84C0C3EF1822}"
EndProject
Project("{8BC9CEB8-8B4A-11D0-8D11-00A0C91BC942}") = "SDL_Optimized_Surface_And_Soft_Stretching", "SDL_Optimized_Surface_And_Soft_Stretching\SDL_Optimized_Surface_And_Soft_Stretching.vcxproj", "{D9B952F2-A7E6-4094-8C92-92EAE8449721}"
EndProject
Project("{8BC9CEB8-8B4A-11D0-8D11-00A0C91BC942}") = "SDL_Loading_PNGs", "SDL_Loading_PNGs\SDL_Loading_PNGs.vcxproj", "{C12E517A-CD85-4760-A3C7-09EE3F24328B}"
EndProject
Project("{8BC9CEB8-8B4A-11D0-8D11-00A0C91BC942}") = "SDL_Texture_Loading_and_Rendering", "SDL_Texture_Loading_and_Rendering\SDL_Texture_Loading_and_Rendering.vcxproj", "{3614A3D9-359A-44F5-B9E7-1136CD9D32B6}"
EndProject
Project("{8BC9CEB8-8B4A-11D0-8D11-00A0C91BC942}") = "SDL_Geometry_Rendering", "SDL_Geometry_Rendering\SDL_Geometry_Rendering.vcxproj", "{31FEBC26-75D2-4CFC-9F64-90854DF2D654}"
EndProject
Project("{8BC9CEB8-8B4A-11D0-8D11-00A0C91BC942}") = "SDL_Viewport", "SDL_Viewport\SDL_Viewport.vcxproj", "{51C2B148-8743-4AFB-893A-4E3824CC52AE}"
EndProject
Project("{8BC9CEB8-8B4A-11D0-8D11-00A0C91BC942}") = "SDL_Color_Keying", "SDL_Color_Keying\SDL_Color_Keying.vcxproj", "{833FA33E-00B4-43F9-B5A7-E35BF79A0508}"
EndProject
Project("{8BC9CEB8-8B4A-11D0-8D11-00A0C91BC942}") = "SDL_Clip_Rendering_and_Sprite_Sheets", "SDL_Clip_Rendering_and_Sprite_Sheets\SDL_Clip_Rendering_and_Sprite_Sheets.vcxproj", "{065FAB1A-4DBB-4D06-8613-94C574AD58E9}"
EndProject
Project("{8BC9CEB8-8B4A-11D0-8D11-00A0C91BC942}") = "SDL_Color_Modulation", "SDL_Color_Modulation\SDL_Color_Modulation.vcxproj", "{92816890-0AC1-49F7-A5F5-683941B33D39}"
EndProject
Project("{8BC9CEB8-8B4A-11D0-8D11-00A0C91BC942}") = "SDL_Alpha_Blending", "SDL_Alpha_Blending\SDL_Alpha_Blending.vcxproj", "{828F542D-258D-4D30-8317-4CEE49551085}"
EndProject
Project("{8BC9CEB8-8B4A-11D0-8D11-00A0C91BC942}") = "SDL_Animated_Sprites_and_VSync", "SDL_Animated_Sprites_and_VSync\SDL_Animated_Sprites_and_VSync.vcxproj", "{4B1AB379-6138-4DA8-90D6-C12C937D0DE0}"
EndProject
Project("{8BC9CEB8-8B4A-11D0-8D11-00A0C91BC942}") = "SDL_Rotation_and_Flipping", "SDL_Rotation_and_Flipping\SDL_Rotation_and_Flipping.vcxproj", "{4BEF394B-0F34-4369-A0C1-9F9F360BD1F7}"
EndProject
Global
	GlobalSection(SolutionConfigurationPlatforms) = preSolution
		Debug|x64 = Debug|x64
		Debug|x86 = Debug|x86
		Release|x64 = Release|x64
		Release|x86 = Release|x86
	EndGlobalSection
	GlobalSection(ProjectConfigurationPlatforms) = postSolution
		{04601CB7-7544-4936-9594-444C0820A55A}.Debug|x64.ActiveCfg = Debug|x64
		{04601CB7-7544-4936-9594-444C0820A55A}.Debug|x64.Build.0 = Debug|x64
		{04601CB7-7544-4936-9594-444C0820A55A}.Debug|x86.ActiveCfg = Debug|Win32
		{04601CB7-7544-4936-9594-444C0820A55A}.Debug|x86.Build.0 = Debug|Win32
		{04601CB7-7544-4936-9594-444C0820A55A}.Release|x64.ActiveCfg = Release|x64
		{04601CB7-7544-4936-9594-444C0820A55A}.Release|x64.Build.0 = Release|x64
		{04601CB7-7544-4936-9594-444C0820A55A}.Release|x86.ActiveCfg = Release|Win32
		{04601CB7-7544-4936-9594-444C0820A55A}.Release|x86.Build.0 = Release|Win32
		{0F1861FC-F20D-410D-A3F8-41D4A17688DD}.Debug|x64.ActiveCfg = Debug|x64
		{0F1861FC-F20D-410D-A3F8-41D4A17688DD}.Debug|x64.Build.0 = Debug|x64
		{0F1861FC-F20D-410D-A3F8-41D4A17688DD}.Debug|x86.ActiveCfg = Debug|Win32
		{0F1861FC-F20D-410D-A3F8-41D4A17688DD}.Debug|x86.Build.0 = Debug|Win32
		{0F1861FC-F20D-410D-A3F8-41D4A17688DD}.Release|x64.ActiveCfg = Release|x64
		{0F1861FC-F20D-410D-A3F8-41D4A17688DD}.Release|x64.Build.0 = Release|x64
		{0F1861FC-F20D-410D-A3F8-41D4A17688DD}.Release|x86.ActiveCfg = Release|Win32
		{0F1861FC-F20D-410D-A3F8-41D4A17688DD}.Release|x86.Build.0 = Release|Win32
		{99CC3BF8-7881-4069-BAB5-C8560AFE7DF6}.Debug|x64.ActiveCfg = Debug|x64
		{99CC3BF8-7881-4069-BAB5-C8560AFE7DF6}.Debug|x64.Build.0 = Debug|x64
		{99CC3BF8-7881-4069-BAB5-C8560AFE7DF6}.Debug|x86.ActiveCfg = Debug|Win32
		{99CC3BF8-7881-4069-BAB5-C8560AFE7DF6}.Debug|x86.Build.0 = Debug|Win32
		{99CC3BF8-7881-4069-BAB5-C8560AFE7DF6}.Release|x64.ActiveCfg = Release|x64
		{99CC3BF8-7881-4069-BAB5-C8560AFE7DF6}.Release|x64.Build.0 = Release|x64
		{99CC3BF8-7881-4069-BAB5-C8560AFE7DF6}.Release|x86.ActiveCfg = Release|Win32
		{99CC3BF8-7881-4069-BAB5-C8560AFE7DF6}.Release|x86.Build.0 = Release|Win32
		{624434D5-F509-4E4B-A443-84C0C3EF1822}.Debug|x64.ActiveCfg = Debug|x64
		{624434D5-F509-4E4B-A443-84C0C3EF1822}.Debug|x64.Build.0 = Debug|x64
		{624434D5-F509-4E4B-A443-84C0C3EF1822}.Debug|x86.ActiveCfg = Debug|Win32
		{624434D5-F509-4E4B-A443-84C0C3EF1822}.Debug|x86.Build.0 = Debug|Win32
		{624434D5-F509-4E4B-A443-84C0C3EF1822}.Release|x64.ActiveCfg = Release|x64
		{624434D5-F509-4E4B-A443-84C0C3EF1822}.Release|x64.Build.0 = Release|x64
		{624434D5-F509-4E4B-A443-84C0C3EF1822}.Release|x86.ActiveCfg = Release|Win32
		{624434D5-F509-4E4B-A443-84C0C3EF1822}.Release|x86.Build.0 = Release|Win32
		{D9B952F2-A7E6-4094-8C92-92EAE8449721}.Debug|x64.ActiveCfg = Debug|x64
		{D9B952F2-A7E6-4094-8C92-92EAE8449721}.Debug|x64.Build.0 = Debug|x64
		{D9B952F2-A7E6-4094-8C92-92EAE8449721}.Debug|x86.ActiveCfg = Debug|Win32
		{D9B952F2-A7E6-4094-8C92-92EAE8449721}.Debug|x86.Build.0 = Debug|Win32
		{D9B952F2-A7E6-4094-8C92-92EAE8449721}.Release|x64.ActiveCfg = Release|x64
		{D9B952F2-A7E6-4094-8C92-92EAE8449721}.Release|x64.Build.0 = Release|x64
		{D9B952F2-A7E6-4094-8C92-92EAE8449721}.Release|x86.ActiveCfg = Release|Win32
		{D9B952F2-A7E6-4094-8C92-92EAE8449721}.Release|x86.Build.0 = Release|Win32
		{C12E517A-CD85-4760-A3C7-09EE3F24328B}.Debug|x64.ActiveCfg = Debug|x64
		{C12E517A-CD85-4760-A3C7-09EE3F24328B}.Debug|x64.Build.0 = Debug|x64
		{C12E517A-CD85-4760-A3C7-09EE3F24328B}.Debug|x86.ActiveCfg = Debug|Win32
		{C12E517A-CD85-4760-A3C7-09EE3F24328B}.Debug|x86.Build.0 = Debug|Win32
		{C12E517A-CD85-4760-A3C7-09EE3F24328B}.Release|x64.ActiveCfg = Release|x64
		{C12E517A-CD85-4760-A3C7-09EE3F24328B}.Release|x64.Build.0 = Release|x64
		{C12E517A-CD85-4760-A3C7-09EE3F24328B}.Release|x86.ActiveCfg = Release|Win32
		{C12E517A-CD85-4760-A3C7-09EE3F24328B}.Release|x86.Build.0 = Release|Win32
		{3614A3D9-359A-44F5-B9E7-1136CD9D32B6}.Debug|x64.ActiveCfg = Debug|x64
		{3614A3D9-359A-44F5-B9E7-1136CD9D32B6}.Debug|x64.Build.0 = Debug|x64
		{3614A3D9-359A-44F5-B9E7-1136CD9D32B6}.Debug|x86.ActiveCfg = Debug|Win32
		{3614A3D9-359A-44F5-B9E7-1136CD9D32B6}.Debug|x86.Build.0 = Debug|Win32
		{3614A3D9-359A-44F5-B9E7-1136CD9D32B6}.Release|x64.ActiveCfg = Release|x64
		{3614A3D9-359A-44F5-B9E7-1136CD9D32B6}.Release|x64.Build.0 = Release|x64
		{3614A3D9-359A-44F5-B9E7-1136CD9D32B6}.Release|x86.ActiveCfg = Release|Win32
		{3614A3D9-359A-44F5-B9E7-1136CD9D32B6}.Release|x86.Build.0 = Release|Win32
		{31FEBC26-75D2-4CFC-9F64-90854DF2D654}.Debug|x64.ActiveCfg = Debug|x64
		{31FEBC26-75D2-4CFC-9F64-90854DF2D654}.Debug|x64.Build.0 = Debug|x64
		{31FEBC26-75D2-4CFC-9F64-90854DF2D654}.Debug|x86.ActiveCfg = Debug|Win32
		{31FEBC26-75D2-4CFC-9F64-90854DF2D654}.Debug|x86.Build.0 = Debug|Win32
		{31FEBC26-75D2-4CFC-9F64-90854DF2D654}.Release|x64.ActiveCfg = Release|x64
		{31FEBC26-75D2-4CFC-9F64-90854DF2D654}.Release|x64.Build.0 = Release|x64
		{31FEBC26-75D2-4CFC-9F64-90854DF2D654}.Release|x86.ActiveCfg = Release|Win32
		{31FEBC26-75D2-4CFC-9F64-90854DF2D654}.Release|x86.Build.0 = Release|Win32
		{51C2B148-8743-4AFB-893A-4E3824CC52AE}.Debug|x64.ActiveCfg = Debug|x64
		{51C2B148-8743-4AFB-893A-4E3824CC52AE}.Debug|x64.Build.0 = Debug|x64
		{51C2B148-8743-4AFB-893A-4E3824CC52AE}.Debug|x86.ActiveCfg = Debug|Win32
		{51C2B148-8743-4AFB-893A-4E3824CC52AE}.Debug|x86.Build.0 = Debug|Win32
		{51C2B148-8743-4AFB-893A-4E3824CC52AE}.Release|x64.ActiveCfg = Release|x64
		{51C2B148-8743-4AFB-893A-4E3824CC52AE}.Release|x64.Build.0 = Release|x64
		{51C2B148-8743-4AFB-893A-4E3824CC52AE}.Release|x86.ActiveCfg = Release|Win32
		{51C2B148-8743-4AFB-893A-4E3824CC52AE}.Release|x86.Build.0 = Release|Win32
		{833FA33E-00B4-43F9-B5A7-E35BF79A0508}.Debug|x64.ActiveCfg = Debug|x64
		{833FA33E-00B4-43F9-B5A7-E35BF79A0508}.Debug|x64.Build.0 = Debug|x64
		{833FA33E-00B4-43F9-B5A7-E35BF79A0508}.Debug|x86.ActiveCfg = Debug|Win32
		{833FA33E-00B4-43F9-B5A7-E35BF79A0508}.Debug|x86.Build.0 = Debug|Win32
		{833FA33E-00B4-43F9-B5A7-E35BF79A0508}.Release|x64.ActiveCfg = Release|x64
		{833FA33E-00B4-43F9-B5A7-E35BF79A0508}.Release|x64.Build.0 = Release|x64
		{833FA33E-00B4-43F9-B5A7-E35BF79A0508}.Release|x86.ActiveCfg = Release|Win32
		{833FA33E-00B4-43F9-B5A7-E35BF79A0508}.Release|x86.Build.0 = Release|Win32
		{065FAB1A-4DBB-4D06-8613-94C574AD58E9}.Debug|x64.ActiveCfg = Debug|x64
		{065FAB1A-4DBB-4D06-8613-94C574AD58E9}.Debug|x64.Build.0 = Debug|x64
		{065FAB1A-4DBB-4D06-8613-94C574AD58E9}.Debug|x86.ActiveCfg = Debug|Win32
		{065FAB1A-4DBB-4D06-8613-94C574AD58E9}.Debug|x86.Build.0 = Debug|Win32
		{065FAB1A-4DBB-4D06-8613-94C574AD58E9}.Release|x64.ActiveCfg = Release|x64
		{065FAB1A-4DBB-4D06-8613-94C574AD58E9}.Release|x64.Build.0 = Release|x64
		{065FAB1A-4DBB-4D06-8613-94C574AD58E9}.Release|x86.ActiveCfg = Release|Win32
		{065FAB1A-4DBB-4D06-8613-94C574AD58E9}.Release|x86.Build.0 = Release|Win32
		{92816890-0AC1-49F7-A5F5-683941B33D39}.Debug|x64.ActiveCfg = Debug|x64
		{92816890-0AC1-49F7-A5F5-683941B33D39}.Debug|x64.Build.0 = Debug|x64
		{92816890-0AC1-49F7-A5F5-683941B33D39}.Debug|x86.ActiveCfg = Debug|Win32
		{92816890-0AC1-49F7-A5F5-683941B33D39}.Debug|x86.Build.0 = Debug|Win32
		{92816890-0AC1-49F7-A5F5-683941B33D39}.Release|x64.ActiveCfg = Release|x64
		{92816890-0AC1-49F7-A5F5-683941B33D39}.Release|x64.Build.0 = Release|x64
		{92816890-0AC1-49F7-A5F5-683941B33D39}.Release|x86.ActiveCfg = Release|Win32
		{92816890-0AC1-49F7-A5F5-683941B33D39}.Release|x86.Build.0 = Release|Win32
		{828F542D-258D-4D30-8317-4CEE49551085}.Debug|x64.ActiveCfg = Debug|x64
		{828F542D-258D-4D30-8317-4CEE49551085}.Debug|x64.Build.0 = Debug|x64
		{828F542D-258D-4D30-8317-4CEE49551085}.Debug|x86.ActiveCfg = Debug|Win32
		{828F542D-258D-4D30-8317-4CEE49551085}.Debug|x86.Build.0 = Debug|Win32
		{828F542D-258D-4D30-8317-4CEE49551085}.Release|x64.ActiveCfg = Release|x64
		{828F542D-258D-4D30-8317-4CEE49551085}.Release|x64.Build.0 = Release|x64
		{828F542D-258D-4D30-8317-4CEE49551085}.Release|x86.ActiveCfg = Release|Win32
		{828F542D-258D-4D30-8317-4CEE49551085}.Release|x86.Build.0 = Release|Win32
		{4B1AB379-6138-4DA8-90D6-C12C937D0DE0}.Debug|x64.ActiveCfg = Debug|x64
		{4B1AB379-6138-4DA8-90D6-C12C937D0DE0}.Debug|x64.Build.0 = Debug|x64
		{4B1AB379-6138-4DA8-90D6-C12C937D0DE0}.Debug|x86.ActiveCfg = Debug|Win32
		{4B1AB379-6138-4DA8-90D6-C12C937D0DE0}.Debug|x86.Build.0 = Debug|Win32
		{4B1AB379-6138-4DA8-90D6-C12C937D0DE0}.Release|x64.ActiveCfg = Release|x64
		{4B1AB379-6138-4DA8-90D6-C12C937D0DE0}.Release|x64.Build.0 = Release|x64
		{4B1AB379-6138-4DA8-90D6-C12C937D0DE0}.Release|x86.ActiveCfg = Release|Win32
		{4B1AB379-6138-4DA8-90D6-C12C937D0DE0}.Release|x86.Build.0 = Release|Win32
		{4BEF394B-0F34-4369-A0C1-9F9F360BD1F7}.Debug|x64.ActiveCfg = Debug|x64
		{4BEF394B-0F34-4369-A0C1-9F9F360BD1F7}.Debug|x64.Build.0 = Debug|x64
		{4BEF394B-0F34-4369-A0C1-9F9F360BD1F7}.Debug|x86.ActiveCfg = Debug|Win32
		{4BEF394B-0F34-4369-A0C1-9F9F360BD1F7}.Debug|x86.Build.0 = Debug|Win32
		{4BEF394B-0F34-4369-A0C1-9F9F360BD1F7}.Release|x64.ActiveCfg = Release|x64
		{4BEF394B-0F34-4369-A0C1-9F9F360BD1F7}.Release|x64.Build.0 = Release|x64
		{4BEF394B-0F34-4369-A0C1-9F9F360BD1F7}.Release|x86.ActiveCfg = Release|Win32
		{4BEF394B-0F34-4369-A0C1-9F9F360BD1F7}.Release|x86.Build.0 = Release|Win32
	EndGlobalSection
	GlobalSection(SolutionProperties) = preSolution
		HideSolutionNode = FALSE
	EndGlobalSection
	GlobalSection(ExtensibilityGlobals) = postSolution
		SolutionGuid = {FD902895-4D35-4789-9A39-F62124B24D16}
	EndGlobalSection
EndGlobal
