
Microsoft Visual Studio Solution File, Format Version 12.00
# Visual Studio Version 17
VisualStudioVersion = 17.0.31912.275
MinimumVisualStudioVersion = 10.0.40219.1
Project("{8BC9CEB8-8B4A-11D0-8D11-00A0C91BC942}") = "01_SDL_Hello", "01_SDL_Hello\01_SDL_Hello.vcxproj", "{04601CB7-7544-4936-9594-444C0820A55A}"
EndProject
Project("{8BC9CEB8-8B4A-11D0-8D11-00A0C91BC942}") = "02_SDL_Image_Hello", "02_SDL_Image_Hello\02_SDL_Image_Hello.vcxproj", "{0F1861FC-F20D-410D-A3F8-41D4A17688DD}"
EndProject
Project("{8BC9CEB8-8B4A-11D0-8D11-00A0C91BC942}") = "03_SDL_Event", "03_SDL_Event\03_SDL_Event.vcxproj", "{99CC3BF8-7881-4069-BAB5-C8560AFE7DF6}"
EndProject
Project("{8BC9CEB8-8B4A-11D0-8D11-00A0C91BC942}") = "04_SDL_Key_Presses", "04_SDL_Key_Presses\04_SDL_Key_Presses.vcxproj", "{624434D5-F509-4E4B-A443-84C0C3EF1822}"
EndProject
Project("{8BC9CEB8-8B4A-11D0-8D11-00A0C91BC942}") = "05_SDL_Optimized_Surface_And_Soft_Stretching", "05_SDL_Optimized_Surface_And_Soft_Stretching\05_SDL_Optimized_Surface_And_Soft_Stretching.vcxproj", "{D9B952F2-A7E6-4094-8C92-92EAE8449721}"
EndProject
Project("{8BC9CEB8-8B4A-11D0-8D11-00A0C91BC942}") = "06_SDL_Loading_PNGs", "06_SDL_Loading_PNGs\06_SDL_Loading_PNGs.vcxproj", "{C12E517A-CD85-4760-A3C7-09EE3F24328B}"
EndProject
Project("{8BC9CEB8-8B4A-11D0-8D11-00A0C91BC942}") = "07_SDL_Texture_Loading_and_Rendering", "07_SDL_Texture_Loading_and_Rendering\07_SDL_Texture_Loading_and_Rendering.vcxproj", "{3614A3D9-359A-44F5-B9E7-1136CD9D32B6}"
EndProject
Project("{8BC9CEB8-8B4A-11D0-8D11-00A0C91BC942}") = "08_SDL_Geometry_Rendering", "08_SDL_Geometry_Rendering\08_SDL_Geometry_Rendering.vcxproj", "{31FEBC26-75D2-4CFC-9F64-90854DF2D654}"
EndProject
Project("{8BC9CEB8-8B4A-11D0-8D11-00A0C91BC942}") = "09_SDL_Viewport", "09_SDL_Viewport\09_SDL_Viewport.vcxproj", "{51C2B148-8743-4AFB-893A-4E3824CC52AE}"
EndProject
Project("{8BC9CEB8-8B4A-11D0-8D11-00A0C91BC942}") = "10_SDL_Color_Keying", "10_SDL_Color_Keying\10_SDL_Color_Keying.vcxproj", "{833FA33E-00B4-43F9-B5A7-E35BF79A0508}"
EndProject
Project("{8BC9CEB8-8B4A-11D0-8D11-00A0C91BC942}") = "11_SDL_Clip_Rendering_and_Sprite_Sheets", "11_SDL_Clip_Rendering_and_Sprite_Sheets\11_SDL_Clip_Rendering_and_Sprite_Sheets.vcxproj", "{065FAB1A-4DBB-4D06-8613-94C574AD58E9}"
EndProject
Project("{8BC9CEB8-8B4A-11D0-8D11-00A0C91BC942}") = "12_SDL_Color_Modulation", "12_SDL_Color_Modulation\12_SDL_Color_Modulation.vcxproj", "{92816890-0AC1-49F7-A5F5-683941B33D39}"
EndProject
Project("{8BC9CEB8-8B4A-11D0-8D11-00A0C91BC942}") = "13_SDL_Alpha_Blending", "13_SDL_Alpha_Blending\13_SDL_Alpha_Blending.vcxproj", "{828F542D-258D-4D30-8317-4CEE49551085}"
EndProject
Project("{8BC9CEB8-8B4A-11D0-8D11-00A0C91BC942}") = "14_SDL_Animated_Sprites_and_VSync", "14_SDL_Animated_Sprites_and_VSync\14_SDL_Animated_Sprites_and_VSync.vcxproj", "{4B1AB379-6138-4DA8-90D6-C12C937D0DE0}"
EndProject
Project("{8BC9CEB8-8B4A-11D0-8D11-00A0C91BC942}") = "15_SDL_Rotation_and_Flipping", "15_SDL_Rotation_and_Flipping\15_SDL_Rotation_and_Flipping.vcxproj", "{4BEF394B-0F34-4369-A0C1-9F9F360BD1F7}"
EndProject
Project("{8BC9CEB8-8B4A-11D0-8D11-00A0C91BC942}") = "16_SDL_True_Type_Fonts", "16_SDL_True_Type_Fonts\16_SDL_True_Type_Fonts.vcxproj", "{E54DE2B3-4DDF-4B35-BFB4-57835D80B888}"
EndProject
Project("{8BC9CEB8-8B4A-11D0-8D11-00A0C91BC942}") = "17_SDL_Mouse_Events", "17_SDL_Mouse_Events\17_SDL_Mouse_Events.vcxproj", "{DD8732CF-E68D-4270-A8E0-D92EFA3FD58A}"
EndProject
Project("{8BC9CEB8-8B4A-11D0-8D11-00A0C91BC942}") = "18_SDL_Key_States", "18_SDL_Key_States\18_SDL_Key_States.vcxproj", "{3913AB27-8627-4178-B9D0-37C02DAFBBD4}"
EndProject
Project("{8BC9CEB8-8B4A-11D0-8D11-00A0C91BC942}") = "19_SDL_Gamepads_and_Joysticks", "19_SDL_Gamepads_and_Joysticks\19_SDL_Gamepads_and_Joysticks.vcxproj", "{F6B33925-2B23-4201-922B-2074E1723F6A}"
EndProject
Project("{8BC9CEB8-8B4A-11D0-8D11-00A0C91BC942}") = "20_SDL_Force_Feedback", "20_SDL_Force_Feedback\20_SDL_Force_Feedback.vcxproj", "{93A2F685-564F-4156-A451-0B86BAA726FC}"
EndProject
Project("{8BC9CEB8-8B4A-11D0-8D11-00A0C91BC942}") = "21_SDL_Sound_Effects_and_Music", "21_SDL_Sound_Effects_and_Music\21_SDL_Sound_Effects_and_Music.vcxproj", "{886902CB-5E70-43B2-873D-D8FC5AF47ABC}"
EndProject
Project("{8BC9CEB8-8B4A-11D0-8D11-00A0C91BC942}") = "22_SDL_Timing", "22_SDL_Timing\22_SDL_Timing.vcxproj", "{F8D09FC2-D846-4B00-969D-9ABF3BB1D3CB}"
EndProject
Project("{8BC9CEB8-8B4A-11D0-8D11-00A0C91BC942}") = "23_SDL_Advanced_Timers", "23_SDL_Advanced_Timers\23_SDL_Advanced_Timers.vcxproj", "{26DB81D0-4E54-4497-A921-396C0A4B0C1E}"
EndProject
Project("{8BC9CEB8-8B4A-11D0-8D11-00A0C91BC942}") = "24_SDL_Calculating_Frame_Rate", "24_SDL_Calculating_Frame_Rate\24_SDL_Calculating_Frame_Rate.vcxproj", "{7837C8D4-BCBB-4E95-BFC6-EADFCA992F67}"
EndProject
Project("{8BC9CEB8-8B4A-11D0-8D11-00A0C91BC942}") = "25_SDL_Capping_Frame_Rate", "25_SDL_Capping_Frame_Rate\25_SDL_Capping_Frame_Rate.vcxproj", "{19B6A546-363D-49A6-A2EB-5641B20878D5}"
EndProject
Project("{8BC9CEB8-8B4A-11D0-8D11-00A0C91BC942}") = "26_SDL_Motion", "26_SDL_Motion\26_SDL_Motion.vcxproj", "{AAAE7706-5345-49CD-9D72-AF83B3B02210}"
EndProject
Project("{8BC9CEB8-8B4A-11D0-8D11-00A0C91BC942}") = "27_SDL_Collision_Detection", "27_SDL_Collision_Detection\27_SDL_Collision_Detection.vcxproj", "{C1FC34AB-7460-4455-8F85-2D50F3906535}"
EndProject
Project("{8BC9CEB8-8B4A-11D0-8D11-00A0C91BC942}") = "28_SDL_Per-pixel_Collision_Detection", "28_SDL_Per-pixel_Collision_Detection\28_SDL_Per-pixel_Collision_Detection.vcxproj", "{D7AEAF77-9A24-4983-97D1-CCF5965791AD}"
EndProject
Project("{8BC9CEB8-8B4A-11D0-8D11-00A0C91BC942}") = "29_SDL_Circular_Collision_Detection", "29_SDL_Circular_Collision_Detection\29_SDL_Circular_Collision_Detection.vcxproj", "{85FB19A5-4C04-4979-93B8-473279F84537}"
EndProject
Project("{8BC9CEB8-8B4A-11D0-8D11-00A0C91BC942}") = "30_SDL_Scrolling", "30_SDL_Scrolling\30_SDL_Scrolling.vcxproj", "{012515C6-1384-4C04-BFDD-1620F4DDE207}"
EndProject
Project("{8BC9CEB8-8B4A-11D0-8D11-00A0C91BC942}") = "31_SDL_Scrolling_Backgrounds", "31_SDL_Scrolling_Backgrounds\31_SDL_Scrolling_Backgrounds.vcxproj", "{CB2B0F04-4C0D-4405-B35F-5922EA70F9E4}"
EndProject
Project("{8BC9CEB8-8B4A-11D0-8D11-00A0C91BC942}") = "32_SDL_Text_Input_And_Clipboard_Handling", "32_SDL_Text_Input_And_Clipboard_Handling\32_SDL_Text_Input_And_Clipboard_Handling.vcxproj", "{479AC20F-7F71-4036-96DB-761B991E5936}"
EndProject
Project("{8BC9CEB8-8B4A-11D0-8D11-00A0C91BC942}") = "33_SDL_File_Reading_and_Writing", "33_SDL_File_Reading_and_Writing\33_SDL_File_Reading_and_Writing.vcxproj", "{6DDAA3F0-DFBE-4815-B173-F206D80FD3D3}"
EndProject
Project("{8BC9CEB8-8B4A-11D0-8D11-00A0C91BC942}") = "34_SDL_Audio_Recording", "34_SDL_Audio_Recording\34_SDL_Audio_Recording.vcxproj", "{F2BF5320-95E1-4B97-A9C8-B7FDDF337B7D}"
EndProject
Global
	GlobalSection(SolutionConfigurationPlatforms) = preSolution
		Debug|x64 = Debug|x64
		Debug|x86 = Debug|x86
		Release|x64 = Release|x64
		Release|x86 = Release|x86
	EndGlobalSection
	GlobalSection(ProjectConfigurationPlatforms) = postSolution
		{04601CB7-7544-4936-9594-444C0820A55A}.Debug|x64.ActiveCfg = Debug|x64
		{04601CB7-7544-4936-9594-444C0820A55A}.Debug|x64.Build.0 = Debug|x64
		{04601CB7-7544-4936-9594-444C0820A55A}.Debug|x86.ActiveCfg = Debug|Win32
		{04601CB7-7544-4936-9594-444C0820A55A}.Debug|x86.Build.0 = Debug|Win32
		{04601CB7-7544-4936-9594-444C0820A55A}.Release|x64.ActiveCfg = Release|x64
		{04601CB7-7544-4936-9594-444C0820A55A}.Release|x64.Build.0 = Release|x64
		{04601CB7-7544-4936-9594-444C0820A55A}.Release|x86.ActiveCfg = Release|Win32
		{04601CB7-7544-4936-9594-444C0820A55A}.Release|x86.Build.0 = Release|Win32
		{0F1861FC-F20D-410D-A3F8-41D4A17688DD}.Debug|x64.ActiveCfg = Debug|x64
		{0F1861FC-F20D-410D-A3F8-41D4A17688DD}.Debug|x64.Build.0 = Debug|x64
		{0F1861FC-F20D-410D-A3F8-41D4A17688DD}.Debug|x86.ActiveCfg = Debug|Win32
		{0F1861FC-F20D-410D-A3F8-41D4A17688DD}.Debug|x86.Build.0 = Debug|Win32
		{0F1861FC-F20D-410D-A3F8-41D4A17688DD}.Release|x64.ActiveCfg = Release|x64
		{0F1861FC-F20D-410D-A3F8-41D4A17688DD}.Release|x64.Build.0 = Release|x64
		{0F1861FC-F20D-410D-A3F8-41D4A17688DD}.Release|x86.ActiveCfg = Release|Win32
		{0F1861FC-F20D-410D-A3F8-41D4A17688DD}.Release|x86.Build.0 = Release|Win32
		{99CC3BF8-7881-4069-BAB5-C8560AFE7DF6}.Debug|x64.ActiveCfg = Debug|x64
		{99CC3BF8-7881-4069-BAB5-C8560AFE7DF6}.Debug|x64.Build.0 = Debug|x64
		{99CC3BF8-7881-4069-BAB5-C8560AFE7DF6}.Debug|x86.ActiveCfg = Debug|Win32
		{99CC3BF8-7881-4069-BAB5-C8560AFE7DF6}.Debug|x86.Build.0 = Debug|Win32
		{99CC3BF8-7881-4069-BAB5-C8560AFE7DF6}.Release|x64.ActiveCfg = Release|x64
		{99CC3BF8-7881-4069-BAB5-C8560AFE7DF6}.Release|x64.Build.0 = Release|x64
		{99CC3BF8-7881-4069-BAB5-C8560AFE7DF6}.Release|x86.ActiveCfg = Release|Win32
		{99CC3BF8-7881-4069-BAB5-C8560AFE7DF6}.Release|x86.Build.0 = Release|Win32
		{624434D5-F509-4E4B-A443-84C0C3EF1822}.Debug|x64.ActiveCfg = Debug|x64
		{624434D5-F509-4E4B-A443-84C0C3EF1822}.Debug|x64.Build.0 = Debug|x64
		{624434D5-F509-4E4B-A443-84C0C3EF1822}.Debug|x86.ActiveCfg = Debug|Win32
		{624434D5-F509-4E4B-A443-84C0C3EF1822}.Debug|x86.Build.0 = Debug|Win32
		{624434D5-F509-4E4B-A443-84C0C3EF1822}.Release|x64.ActiveCfg = Release|x64
		{624434D5-F509-4E4B-A443-84C0C3EF1822}.Release|x64.Build.0 = Release|x64
		{624434D5-F509-4E4B-A443-84C0C3EF1822}.Release|x86.ActiveCfg = Release|Win32
		{624434D5-F509-4E4B-A443-84C0C3EF1822}.Release|x86.Build.0 = Release|Win32
		{D9B952F2-A7E6-4094-8C92-92EAE8449721}.Debug|x64.ActiveCfg = Debug|x64
		{D9B952F2-A7E6-4094-8C92-92EAE8449721}.Debug|x64.Build.0 = Debug|x64
		{D9B952F2-A7E6-4094-8C92-92EAE8449721}.Debug|x86.ActiveCfg = Debug|Win32
		{D9B952F2-A7E6-4094-8C92-92EAE8449721}.Debug|x86.Build.0 = Debug|Win32
		{D9B952F2-A7E6-4094-8C92-92EAE8449721}.Release|x64.ActiveCfg = Release|x64
		{D9B952F2-A7E6-4094-8C92-92EAE8449721}.Release|x64.Build.0 = Release|x64
		{D9B952F2-A7E6-4094-8C92-92EAE8449721}.Release|x86.ActiveCfg = Release|Win32
		{D9B952F2-A7E6-4094-8C92-92EAE8449721}.Release|x86.Build.0 = Release|Win32
		{C12E517A-CD85-4760-A3C7-09EE3F24328B}.Debug|x64.ActiveCfg = Debug|x64
		{C12E517A-CD85-4760-A3C7-09EE3F24328B}.Debug|x64.Build.0 = Debug|x64
		{C12E517A-CD85-4760-A3C7-09EE3F24328B}.Debug|x86.ActiveCfg = Debug|Win32
		{C12E517A-CD85-4760-A3C7-09EE3F24328B}.Debug|x86.Build.0 = Debug|Win32
		{C12E517A-CD85-4760-A3C7-09EE3F24328B}.Release|x64.ActiveCfg = Release|x64
		{C12E517A-CD85-4760-A3C7-09EE3F24328B}.Release|x64.Build.0 = Release|x64
		{C12E517A-CD85-4760-A3C7-09EE3F24328B}.Release|x86.ActiveCfg = Release|Win32
		{C12E517A-CD85-4760-A3C7-09EE3F24328B}.Release|x86.Build.0 = Release|Win32
		{3614A3D9-359A-44F5-B9E7-1136CD9D32B6}.Debug|x64.ActiveCfg = Debug|x64
		{3614A3D9-359A-44F5-B9E7-1136CD9D32B6}.Debug|x64.Build.0 = Debug|x64
		{3614A3D9-359A-44F5-B9E7-1136CD9D32B6}.Debug|x86.ActiveCfg = Debug|Win32
		{3614A3D9-359A-44F5-B9E7-1136CD9D32B6}.Debug|x86.Build.0 = Debug|Win32
		{3614A3D9-359A-44F5-B9E7-1136CD9D32B6}.Release|x64.ActiveCfg = Release|x64
		{3614A3D9-359A-44F5-B9E7-1136CD9D32B6}.Release|x64.Build.0 = Release|x64
		{3614A3D9-359A-44F5-B9E7-1136CD9D32B6}.Release|x86.ActiveCfg = Release|Win32
		{3614A3D9-359A-44F5-B9E7-1136CD9D32B6}.Release|x86.Build.0 = Release|Win32
		{31FEBC26-75D2-4CFC-9F64-90854DF2D654}.Debug|x64.ActiveCfg = Debug|x64
		{31FEBC26-75D2-4CFC-9F64-90854DF2D654}.Debug|x64.Build.0 = Debug|x64
		{31FEBC26-75D2-4CFC-9F64-90854DF2D654}.Debug|x86.ActiveCfg = Debug|Win32
		{31FEBC26-75D2-4CFC-9F64-90854DF2D654}.Debug|x86.Build.0 = Debug|Win32
		{31FEBC26-75D2-4CFC-9F64-90854DF2D654}.Release|x64.ActiveCfg = Release|x64
		{31FEBC26-75D2-4CFC-9F64-90854DF2D654}.Release|x64.Build.0 = Release|x64
		{31FEBC26-75D2-4CFC-9F64-90854DF2D654}.Release|x86.ActiveCfg = Release|Win32
		{31FEBC26-75D2-4CFC-9F64-90854DF2D654}.Release|x86.Build.0 = Release|Win32
		{51C2B148-8743-4AFB-893A-4E3824CC52AE}.Debug|x64.ActiveCfg = Debug|x64
		{51C2B148-8743-4AFB-893A-4E3824CC52AE}.Debug|x64.Build.0 = Debug|x64
		{51C2B148-8743-4AFB-893A-4E3824CC52AE}.Debug|x86.ActiveCfg = Debug|Win32
		{51C2B148-8743-4AFB-893A-4E3824CC52AE}.Debug|x86.Build.0 = Debug|Win32
		{51C2B148-8743-4AFB-893A-4E3824CC52AE}.Release|x64.ActiveCfg = Release|x64
		{51C2B148-8743-4AFB-893A-4E3824CC52AE}.Release|x64.Build.0 = Release|x64
		{51C2B148-8743-4AFB-893A-4E3824CC52AE}.Release|x86.ActiveCfg = Release|Win32
		{51C2B148-8743-4AFB-893A-4E3824CC52AE}.Release|x86.Build.0 = Release|Win32
		{833FA33E-00B4-43F9-B5A7-E35BF79A0508}.Debug|x64.ActiveCfg = Debug|x64
		{833FA33E-00B4-43F9-B5A7-E35BF79A0508}.Debug|x64.Build.0 = Debug|x64
		{833FA33E-00B4-43F9-B5A7-E35BF79A0508}.Debug|x86.ActiveCfg = Debug|Win32
		{833FA33E-00B4-43F9-B5A7-E35BF79A0508}.Debug|x86.Build.0 = Debug|Win32
		{833FA33E-00B4-43F9-B5A7-E35BF79A0508}.Release|x64.ActiveCfg = Release|x64
		{833FA33E-00B4-43F9-B5A7-E35BF79A0508}.Release|x64.Build.0 = Release|x64
		{833FA33E-00B4-43F9-B5A7-E35BF79A0508}.Release|x86.ActiveCfg = Release|Win32
		{833FA33E-00B4-43F9-B5A7-E35BF79A0508}.Release|x86.Build.0 = Release|Win32
		{065FAB1A-4DBB-4D06-8613-94C574AD58E9}.Debug|x64.ActiveCfg = Debug|x64
		{065FAB1A-4DBB-4D06-8613-94C574AD58E9}.Debug|x64.Build.0 = Debug|x64
		{065FAB1A-4DBB-4D06-8613-94C574AD58E9}.Debug|x86.ActiveCfg = Debug|Win32
		{065FAB1A-4DBB-4D06-8613-94C574AD58E9}.Debug|x86.Build.0 = Debug|Win32
		{065FAB1A-4DBB-4D06-8613-94C574AD58E9}.Release|x64.ActiveCfg = Release|x64
		{065FAB1A-4DBB-4D06-8613-94C574AD58E9}.Release|x64.Build.0 = Release|x64
		{065FAB1A-4DBB-4D06-8613-94C574AD58E9}.Release|x86.ActiveCfg = Release|Win32
		{065FAB1A-4DBB-4D06-8613-94C574AD58E9}.Release|x86.Build.0 = Release|Win32
		{92816890-0AC1-49F7-A5F5-683941B33D39}.Debug|x64.ActiveCfg = Debug|x64
		{92816890-0AC1-49F7-A5F5-683941B33D39}.Debug|x64.Build.0 = Debug|x64
		{92816890-0AC1-49F7-A5F5-683941B33D39}.Debug|x86.ActiveCfg = Debug|Win32
		{92816890-0AC1-49F7-A5F5-683941B33D39}.Debug|x86.Build.0 = Debug|Win32
		{92816890-0AC1-49F7-A5F5-683941B33D39}.Release|x64.ActiveCfg = Release|x64
		{92816890-0AC1-49F7-A5F5-683941B33D39}.Release|x64.Build.0 = Release|x64
		{92816890-0AC1-49F7-A5F5-683941B33D39}.Release|x86.ActiveCfg = Release|Win32
		{92816890-0AC1-49F7-A5F5-683941B33D39}.Release|x86.Build.0 = Release|Win32
		{828F542D-258D-4D30-8317-4CEE49551085}.Debug|x64.ActiveCfg = Debug|x64
		{828F542D-258D-4D30-8317-4CEE49551085}.Debug|x64.Build.0 = Debug|x64
		{828F542D-258D-4D30-8317-4CEE49551085}.Debug|x86.ActiveCfg = Debug|Win32
		{828F542D-258D-4D30-8317-4CEE49551085}.Debug|x86.Build.0 = Debug|Win32
		{828F542D-258D-4D30-8317-4CEE49551085}.Release|x64.ActiveCfg = Release|x64
		{828F542D-258D-4D30-8317-4CEE49551085}.Release|x64.Build.0 = Release|x64
		{828F542D-258D-4D30-8317-4CEE49551085}.Release|x86.ActiveCfg = Release|Win32
		{828F542D-258D-4D30-8317-4CEE49551085}.Release|x86.Build.0 = Release|Win32
		{4B1AB379-6138-4DA8-90D6-C12C937D0DE0}.Debug|x64.ActiveCfg = Debug|x64
		{4B1AB379-6138-4DA8-90D6-C12C937D0DE0}.Debug|x64.Build.0 = Debug|x64
		{4B1AB379-6138-4DA8-90D6-C12C937D0DE0}.Debug|x86.ActiveCfg = Debug|Win32
		{4B1AB379-6138-4DA8-90D6-C12C937D0DE0}.Debug|x86.Build.0 = Debug|Win32
		{4B1AB379-6138-4DA8-90D6-C12C937D0DE0}.Release|x64.ActiveCfg = Release|x64
		{4B1AB379-6138-4DA8-90D6-C12C937D0DE0}.Release|x64.Build.0 = Release|x64
		{4B1AB379-6138-4DA8-90D6-C12C937D0DE0}.Release|x86.ActiveCfg = Release|Win32
		{4B1AB379-6138-4DA8-90D6-C12C937D0DE0}.Release|x86.Build.0 = Release|Win32
		{4BEF394B-0F34-4369-A0C1-9F9F360BD1F7}.Debug|x64.ActiveCfg = Debug|x64
		{4BEF394B-0F34-4369-A0C1-9F9F360BD1F7}.Debug|x64.Build.0 = Debug|x64
		{4BEF394B-0F34-4369-A0C1-9F9F360BD1F7}.Debug|x86.ActiveCfg = Debug|Win32
		{4BEF394B-0F34-4369-A0C1-9F9F360BD1F7}.Debug|x86.Build.0 = Debug|Win32
		{4BEF394B-0F34-4369-A0C1-9F9F360BD1F7}.Release|x64.ActiveCfg = Release|x64
		{4BEF394B-0F34-4369-A0C1-9F9F360BD1F7}.Release|x64.Build.0 = Release|x64
		{4BEF394B-0F34-4369-A0C1-9F9F360BD1F7}.Release|x86.ActiveCfg = Release|Win32
		{4BEF394B-0F34-4369-A0C1-9F9F360BD1F7}.Release|x86.Build.0 = Release|Win32
		{E54DE2B3-4DDF-4B35-BFB4-57835D80B888}.Debug|x64.ActiveCfg = Debug|x64
		{E54DE2B3-4DDF-4B35-BFB4-57835D80B888}.Debug|x64.Build.0 = Debug|x64
		{E54DE2B3-4DDF-4B35-BFB4-57835D80B888}.Debug|x86.ActiveCfg = Debug|Win32
		{E54DE2B3-4DDF-4B35-BFB4-57835D80B888}.Debug|x86.Build.0 = Debug|Win32
		{E54DE2B3-4DDF-4B35-BFB4-57835D80B888}.Release|x64.ActiveCfg = Release|x64
		{E54DE2B3-4DDF-4B35-BFB4-57835D80B888}.Release|x64.Build.0 = Release|x64
		{E54DE2B3-4DDF-4B35-BFB4-57835D80B888}.Release|x86.ActiveCfg = Release|Win32
		{E54DE2B3-4DDF-4B35-BFB4-57835D80B888}.Release|x86.Build.0 = Release|Win32
		{DD8732CF-E68D-4270-A8E0-D92EFA3FD58A}.Debug|x64.ActiveCfg = Debug|x64
		{DD8732CF-E68D-4270-A8E0-D92EFA3FD58A}.Debug|x64.Build.0 = Debug|x64
		{DD8732CF-E68D-4270-A8E0-D92EFA3FD58A}.Debug|x86.ActiveCfg = Debug|Win32
		{DD8732CF-E68D-4270-A8E0-D92EFA3FD58A}.Debug|x86.Build.0 = Debug|Win32
		{DD8732CF-E68D-4270-A8E0-D92EFA3FD58A}.Release|x64.ActiveCfg = Release|x64
		{DD8732CF-E68D-4270-A8E0-D92EFA3FD58A}.Release|x64.Build.0 = Release|x64
		{DD8732CF-E68D-4270-A8E0-D92EFA3FD58A}.Release|x86.ActiveCfg = Release|Win32
		{DD8732CF-E68D-4270-A8E0-D92EFA3FD58A}.Release|x86.Build.0 = Release|Win32
		{3913AB27-8627-4178-B9D0-37C02DAFBBD4}.Debug|x64.ActiveCfg = Debug|x64
		{3913AB27-8627-4178-B9D0-37C02DAFBBD4}.Debug|x64.Build.0 = Debug|x64
		{3913AB27-8627-4178-B9D0-37C02DAFBBD4}.Debug|x86.ActiveCfg = Debug|Win32
		{3913AB27-8627-4178-B9D0-37C02DAFBBD4}.Debug|x86.Build.0 = Debug|Win32
		{3913AB27-8627-4178-B9D0-37C02DAFBBD4}.Release|x64.ActiveCfg = Release|x64
		{3913AB27-8627-4178-B9D0-37C02DAFBBD4}.Release|x64.Build.0 = Release|x64
		{3913AB27-8627-4178-B9D0-37C02DAFBBD4}.Release|x86.ActiveCfg = Release|Win32
		{3913AB27-8627-4178-B9D0-37C02DAFBBD4}.Release|x86.Build.0 = Release|Win32
		{F6B33925-2B23-4201-922B-2074E1723F6A}.Debug|x64.ActiveCfg = Debug|x64
		{F6B33925-2B23-4201-922B-2074E1723F6A}.Debug|x64.Build.0 = Debug|x64
		{F6B33925-2B23-4201-922B-2074E1723F6A}.Debug|x86.ActiveCfg = Debug|Win32
		{F6B33925-2B23-4201-922B-2074E1723F6A}.Debug|x86.Build.0 = Debug|Win32
		{F6B33925-2B23-4201-922B-2074E1723F6A}.Release|x64.ActiveCfg = Release|x64
		{F6B33925-2B23-4201-922B-2074E1723F6A}.Release|x64.Build.0 = Release|x64
		{F6B33925-2B23-4201-922B-2074E1723F6A}.Release|x86.ActiveCfg = Release|Win32
		{F6B33925-2B23-4201-922B-2074E1723F6A}.Release|x86.Build.0 = Release|Win32
		{93A2F685-564F-4156-A451-0B86BAA726FC}.Debug|x64.ActiveCfg = Debug|x64
		{93A2F685-564F-4156-A451-0B86BAA726FC}.Debug|x64.Build.0 = Debug|x64
		{93A2F685-564F-4156-A451-0B86BAA726FC}.Debug|x86.ActiveCfg = Debug|Win32
		{93A2F685-564F-4156-A451-0B86BAA726FC}.Debug|x86.Build.0 = Debug|Win32
		{93A2F685-564F-4156-A451-0B86BAA726FC}.Release|x64.ActiveCfg = Release|x64
		{93A2F685-564F-4156-A451-0B86BAA726FC}.Release|x64.Build.0 = Release|x64
		{93A2F685-564F-4156-A451-0B86BAA726FC}.Release|x86.ActiveCfg = Release|Win32
		{93A2F685-564F-4156-A451-0B86BAA726FC}.Release|x86.Build.0 = Release|Win32
		{886902CB-5E70-43B2-873D-D8FC5AF47ABC}.Debug|x64.ActiveCfg = Debug|x64
		{886902CB-5E70-43B2-873D-D8FC5AF47ABC}.Debug|x64.Build.0 = Debug|x64
		{886902CB-5E70-43B2-873D-D8FC5AF47ABC}.Debug|x86.ActiveCfg = Debug|Win32
		{886902CB-5E70-43B2-873D-D8FC5AF47ABC}.Debug|x86.Build.0 = Debug|Win32
		{886902CB-5E70-43B2-873D-D8FC5AF47ABC}.Release|x64.ActiveCfg = Release|x64
		{886902CB-5E70-43B2-873D-D8FC5AF47ABC}.Release|x64.Build.0 = Release|x64
		{886902CB-5E70-43B2-873D-D8FC5AF47ABC}.Release|x86.ActiveCfg = Release|Win32
		{886902CB-5E70-43B2-873D-D8FC5AF47ABC}.Release|x86.Build.0 = Release|Win32
		{F8D09FC2-D846-4B00-969D-9ABF3BB1D3CB}.Debug|x64.ActiveCfg = Debug|x64
		{F8D09FC2-D846-4B00-969D-9ABF3BB1D3CB}.Debug|x64.Build.0 = Debug|x64
		{F8D09FC2-D846-4B00-969D-9ABF3BB1D3CB}.Debug|x86.ActiveCfg = Debug|Win32
		{F8D09FC2-D846-4B00-969D-9ABF3BB1D3CB}.Debug|x86.Build.0 = Debug|Win32
		{F8D09FC2-D846-4B00-969D-9ABF3BB1D3CB}.Release|x64.ActiveCfg = Release|x64
		{F8D09FC2-D846-4B00-969D-9ABF3BB1D3CB}.Release|x64.Build.0 = Release|x64
		{F8D09FC2-D846-4B00-969D-9ABF3BB1D3CB}.Release|x86.ActiveCfg = Release|Win32
		{F8D09FC2-D846-4B00-969D-9ABF3BB1D3CB}.Release|x86.Build.0 = Release|Win32
		{26DB81D0-4E54-4497-A921-396C0A4B0C1E}.Debug|x64.ActiveCfg = Debug|x64
		{26DB81D0-4E54-4497-A921-396C0A4B0C1E}.Debug|x64.Build.0 = Debug|x64
		{26DB81D0-4E54-4497-A921-396C0A4B0C1E}.Debug|x86.ActiveCfg = Debug|Win32
		{26DB81D0-4E54-4497-A921-396C0A4B0C1E}.Debug|x86.Build.0 = Debug|Win32
		{26DB81D0-4E54-4497-A921-396C0A4B0C1E}.Release|x64.ActiveCfg = Release|x64
		{26DB81D0-4E54-4497-A921-396C0A4B0C1E}.Release|x64.Build.0 = Release|x64
		{26DB81D0-4E54-4497-A921-396C0A4B0C1E}.Release|x86.ActiveCfg = Release|Win32
		{26DB81D0-4E54-4497-A921-396C0A4B0C1E}.Release|x86.Build.0 = Release|Win32
		{7837C8D4-BCBB-4E95-BFC6-EADFCA992F67}.Debug|x64.ActiveCfg = Debug|x64
		{7837C8D4-BCBB-4E95-BFC6-EADFCA992F67}.Debug|x64.Build.0 = Debug|x64
		{7837C8D4-BCBB-4E95-BFC6-EADFCA992F67}.Debug|x86.ActiveCfg = Debug|Win32
		{7837C8D4-BCBB-4E95-BFC6-EADFCA992F67}.Debug|x86.Build.0 = Debug|Win32
		{7837C8D4-BCBB-4E95-BFC6-EADFCA992F67}.Release|x64.ActiveCfg = Release|x64
		{7837C8D4-BCBB-4E95-BFC6-EADFCA992F67}.Release|x64.Build.0 = Release|x64
		{7837C8D4-BCBB-4E95-BFC6-EADFCA992F67}.Release|x86.ActiveCfg = Release|Win32
		{7837C8D4-BCBB-4E95-BFC6-EADFCA992F67}.Release|x86.Build.0 = Release|Win32
		{19B6A546-363D-49A6-A2EB-5641B20878D5}.Debug|x64.ActiveCfg = Debug|x64
		{19B6A546-363D-49A6-A2EB-5641B20878D5}.Debug|x64.Build.0 = Debug|x64
		{19B6A546-363D-49A6-A2EB-5641B20878D5}.Debug|x86.ActiveCfg = Debug|Win32
		{19B6A546-363D-49A6-A2EB-5641B20878D5}.Debug|x86.Build.0 = Debug|Win32
		{19B6A546-363D-49A6-A2EB-5641B20878D5}.Release|x64.ActiveCfg = Release|x64
		{19B6A546-363D-49A6-A2EB-5641B20878D5}.Release|x64.Build.0 = Release|x64
		{19B6A546-363D-49A6-A2EB-5641B20878D5}.Release|x86.ActiveCfg = Release|Win32
		{19B6A546-363D-49A6-A2EB-5641B20878D5}.Release|x86.Build.0 = Release|Win32
		{AAAE7706-5345-49CD-9D72-AF83B3B02210}.Debug|x64.ActiveCfg = Debug|x64
		{AAAE7706-5345-49CD-9D72-AF83B3B02210}.Debug|x64.Build.0 = Debug|x64
		{AAAE7706-5345-49CD-9D72-AF83B3B02210}.Debug|x86.ActiveCfg = Debug|Win32
		{AAAE7706-5345-49CD-9D72-AF83B3B02210}.Debug|x86.Build.0 = Debug|Win32
		{AAAE7706-5345-49CD-9D72-AF83B3B02210}.Release|x64.ActiveCfg = Release|x64
		{AAAE7706-5345-49CD-9D72-AF83B3B02210}.Release|x64.Build.0 = Release|x64
		{AAAE7706-5345-49CD-9D72-AF83B3B02210}.Release|x86.ActiveCfg = Release|Win32
		{AAAE7706-5345-49CD-9D72-AF83B3B02210}.Release|x86.Build.0 = Release|Win32
		{C1FC34AB-7460-4455-8F85-2D50F3906535}.Debug|x64.ActiveCfg = Debug|x64
		{C1FC34AB-7460-4455-8F85-2D50F3906535}.Debug|x64.Build.0 = Debug|x64
		{C1FC34AB-7460-4455-8F85-2D50F3906535}.Debug|x86.ActiveCfg = Debug|Win32
		{C1FC34AB-7460-4455-8F85-2D50F3906535}.Debug|x86.Build.0 = Debug|Win32
		{C1FC34AB-7460-4455-8F85-2D50F3906535}.Release|x64.ActiveCfg = Release|x64
		{C1FC34AB-7460-4455-8F85-2D50F3906535}.Release|x64.Build.0 = Release|x64
		{C1FC34AB-7460-4455-8F85-2D50F3906535}.Release|x86.ActiveCfg = Release|Win32
		{C1FC34AB-7460-4455-8F85-2D50F3906535}.Release|x86.Build.0 = Release|Win32
		{D7AEAF77-9A24-4983-97D1-CCF5965791AD}.Debug|x64.ActiveCfg = Debug|x64
		{D7AEAF77-9A24-4983-97D1-CCF5965791AD}.Debug|x64.Build.0 = Debug|x64
		{D7AEAF77-9A24-4983-97D1-CCF5965791AD}.Debug|x86.ActiveCfg = Debug|Win32
		{D7AEAF77-9A24-4983-97D1-CCF5965791AD}.Debug|x86.Build.0 = Debug|Win32
		{D7AEAF77-9A24-4983-97D1-CCF5965791AD}.Release|x64.ActiveCfg = Release|x64
		{D7AEAF77-9A24-4983-97D1-CCF5965791AD}.Release|x64.Build.0 = Release|x64
		{D7AEAF77-9A24-4983-97D1-CCF5965791AD}.Release|x86.ActiveCfg = Release|Win32
		{D7AEAF77-9A24-4983-97D1-CCF5965791AD}.Release|x86.Build.0 = Release|Win32
		{85FB19A5-4C04-4979-93B8-473279F84537}.Debug|x64.ActiveCfg = Debug|x64
		{85FB19A5-4C04-4979-93B8-473279F84537}.Debug|x64.Build.0 = Debug|x64
		{85FB19A5-4C04-4979-93B8-473279F84537}.Debug|x86.ActiveCfg = Debug|Win32
		{85FB19A5-4C04-4979-93B8-473279F84537}.Debug|x86.Build.0 = Debug|Win32
		{85FB19A5-4C04-4979-93B8-473279F84537}.Release|x64.ActiveCfg = Release|x64
		{85FB19A5-4C04-4979-93B8-473279F84537}.Release|x64.Build.0 = Release|x64
		{85FB19A5-4C04-4979-93B8-473279F84537}.Release|x86.ActiveCfg = Release|Win32
		{85FB19A5-4C04-4979-93B8-473279F84537}.Release|x86.Build.0 = Release|Win32
		{012515C6-1384-4C04-BFDD-1620F4DDE207}.Debug|x64.ActiveCfg = Debug|x64
		{012515C6-1384-4C04-BFDD-1620F4DDE207}.Debug|x64.Build.0 = Debug|x64
		{012515C6-1384-4C04-BFDD-1620F4DDE207}.Debug|x86.ActiveCfg = Debug|Win32
		{012515C6-1384-4C04-BFDD-1620F4DDE207}.Debug|x86.Build.0 = Debug|Win32
		{012515C6-1384-4C04-BFDD-1620F4DDE207}.Release|x64.ActiveCfg = Release|x64
		{012515C6-1384-4C04-BFDD-1620F4DDE207}.Release|x64.Build.0 = Release|x64
		{012515C6-1384-4C04-BFDD-1620F4DDE207}.Release|x86.ActiveCfg = Release|Win32
		{012515C6-1384-4C04-BFDD-1620F4DDE207}.Release|x86.Build.0 = Release|Win32
		{CB2B0F04-4C0D-4405-B35F-5922EA70F9E4}.Debug|x64.ActiveCfg = Debug|x64
		{CB2B0F04-4C0D-4405-B35F-5922EA70F9E4}.Debug|x64.Build.0 = Debug|x64
		{CB2B0F04-4C0D-4405-B35F-5922EA70F9E4}.Debug|x86.ActiveCfg = Debug|Win32
		{CB2B0F04-4C0D-4405-B35F-5922EA70F9E4}.Debug|x86.Build.0 = Debug|Win32
		{CB2B0F04-4C0D-4405-B35F-5922EA70F9E4}.Release|x64.ActiveCfg = Release|x64
		{CB2B0F04-4C0D-4405-B35F-5922EA70F9E4}.Release|x64.Build.0 = Release|x64
		{CB2B0F04-4C0D-4405-B35F-5922EA70F9E4}.Release|x86.ActiveCfg = Release|Win32
		{CB2B0F04-4C0D-4405-B35F-5922EA70F9E4}.Release|x86.Build.0 = Release|Win32
		{479AC20F-7F71-4036-96DB-761B991E5936}.Debug|x64.ActiveCfg = Debug|x64
		{479AC20F-7F71-4036-96DB-761B991E5936}.Debug|x64.Build.0 = Debug|x64
		{479AC20F-7F71-4036-96DB-761B991E5936}.Debug|x86.ActiveCfg = Debug|Win32
		{479AC20F-7F71-4036-96DB-761B991E5936}.Debug|x86.Build.0 = Debug|Win32
		{479AC20F-7F71-4036-96DB-761B991E5936}.Release|x64.ActiveCfg = Release|x64
		{479AC20F-7F71-4036-96DB-761B991E5936}.Release|x64.Build.0 = Release|x64
		{479AC20F-7F71-4036-96DB-761B991E5936}.Release|x86.ActiveCfg = Release|Win32
		{479AC20F-7F71-4036-96DB-761B991E5936}.Release|x86.Build.0 = Release|Win32
		{6DDAA3F0-DFBE-4815-B173-F206D80FD3D3}.Debug|x64.ActiveCfg = Debug|x64
		{6DDAA3F0-DFBE-4815-B173-F206D80FD3D3}.Debug|x64.Build.0 = Debug|x64
		{6DDAA3F0-DFBE-4815-B173-F206D80FD3D3}.Debug|x86.ActiveCfg = Debug|Win32
		{6DDAA3F0-DFBE-4815-B173-F206D80FD3D3}.Debug|x86.Build.0 = Debug|Win32
		{6DDAA3F0-DFBE-4815-B173-F206D80FD3D3}.Release|x64.ActiveCfg = Release|x64
		{6DDAA3F0-DFBE-4815-B173-F206D80FD3D3}.Release|x64.Build.0 = Release|x64
		{6DDAA3F0-DFBE-4815-B173-F206D80FD3D3}.Release|x86.ActiveCfg = Release|Win32
		{6DDAA3F0-DFBE-4815-B173-F206D80FD3D3}.Release|x86.Build.0 = Release|Win32
		{F2BF5320-95E1-4B97-A9C8-B7FDDF337B7D}.Debug|x64.ActiveCfg = Debug|x64
		{F2BF5320-95E1-4B97-A9C8-B7FDDF337B7D}.Debug|x64.Build.0 = Debug|x64
		{F2BF5320-95E1-4B97-A9C8-B7FDDF337B7D}.Debug|x86.ActiveCfg = Debug|Win32
		{F2BF5320-95E1-4B97-A9C8-B7FDDF337B7D}.Debug|x86.Build.0 = Debug|Win32
		{F2BF5320-95E1-4B97-A9C8-B7FDDF337B7D}.Release|x64.ActiveCfg = Release|x64
		{F2BF5320-95E1-4B97-A9C8-B7FDDF337B7D}.Release|x64.Build.0 = Release|x64
		{F2BF5320-95E1-4B97-A9C8-B7FDDF337B7D}.Release|x86.ActiveCfg = Release|Win32
		{F2BF5320-95E1-4B97-A9C8-B7FDDF337B7D}.Release|x86.Build.0 = Release|Win32
	EndGlobalSection
	GlobalSection(SolutionProperties) = preSolution
		HideSolutionNode = FALSE
	EndGlobalSection
	GlobalSection(ExtensibilityGlobals) = postSolution
		SolutionGuid = {FD902895-4D35-4789-9A39-F62124B24D16}
	EndGlobalSection
EndGlobal
